<Solution>
  <Folder Name="/Solution Items/">
    <File Path=".editorconfig" />
    <File Path="DefaultDocumentation.json" />
    <File Path="Directory.Build.props" />
    <File Path="Directory.Build.targets" />
  </Folder>
  <Project Path="DiGi.Scripting.CSharp/DiGi.Scripting.CSharp.csproj" />
  <Project Path="DiGi.Scripting.Python/DiGi.Scripting.Python.csproj" />
  <Project Path="DiGi.Scripting/DiGi.Scripting.csproj" />
</Solution>
